{
  "name": "tom",
  "version": "1.0.0",
  "lockfileVersion": 1,
  "requires": true,
  "dependencies": {
    "typescript": {
      "version": "3.3.3",
      "resolved": "https://registry.npmjs.org/typescript/-/typescript-3.3.3.tgz",
      "integrity": "sha512-Y21Xqe54TBVp+VDSNbuDYdGw0BpoR/Q6wo/+35M8PAU0vipahnyduJWirxxdxjsAkS7hue53x2zp8gz7F05u0A==",
      "dev": true
    },
    "typescript-optional": {
      "version": "2.0.1",
      "resolved": "https://registry.npmjs.org/typescript-optional/-/typescript-optional-2.0.1.tgz",
      "integrity": "sha512-xuwmqsCjE4OeeMKxbNX3jjNcISGzYh5Q9R1rM5OyxEVNIr94CB5llCkfKW+1nZTKbbUV0axN3QAUuX2fus/DhQ=="
    }
  }
}
